
Microsoft Visual Studio Solution File, Format Version 12.00
# Visual Studio Version 16
VisualStudioVersion = 16.0.30128.74
MinimumVisualStudioVersion = 10.0.40219.1
Project("{FAE04EC0-301F-11D3-BF4B-00C04F79EFBC}") = "BDD", "BDD\BDD.csproj", "{FFCEF8CA-AD4C-487F-A8D3-FCFA21D334BC}"
EndProject
Project("{FAE04EC0-301F-11D3-BF4B-00C04F79EFBC}") = "Metodo", "Metodo\Metodo.csproj", "{F1EA655A-3C76-41DC-87DC-C2EFDB2B80B8}"
EndProject
Project("{FAE04EC0-301F-11D3-BF4B-00C04F79EFBC}") = "Presentacion", "Presentacion\Presentacion.csproj", "{F95381B3-11A6-4BBD-BC97-D1CE9A4DAEA7}"
EndProject
Global
	GlobalSection(SolutionConfigurationPlatforms) = preSolution
		Debug|Any CPU = Debug|Any CPU
		Release|Any CPU = Release|Any CPU
	EndGlobalSection
	GlobalSection(ProjectConfigurationPlatforms) = postSolution
		{FFCEF8CA-AD4C-487F-A8D3-FCFA21D334BC}.Debug|Any CPU.ActiveCfg = Debug|Any CPU
		{FFCEF8CA-AD4C-487F-A8D3-FCFA21D334BC}.Debug|Any CPU.Build.0 = Debug|Any CPU
		{FFCEF8CA-AD4C-487F-A8D3-FCFA21D334BC}.Release|Any CPU.ActiveCfg = Release|Any CPU
		{FFCEF8CA-AD4C-487F-A8D3-FCFA21D334BC}.Release|Any CPU.Build.0 = Release|Any CPU
		{F1EA655A-3C76-41DC-87DC-C2EFDB2B80B8}.Debug|Any CPU.ActiveCfg = Debug|Any CPU
		{F1EA655A-3C76-41DC-87DC-C2EFDB2B80B8}.Debug|Any CPU.Build.0 = Debug|Any CPU
		{F1EA655A-3C76-41DC-87DC-C2EFDB2B80B8}.Release|Any CPU.ActiveCfg = Release|Any CPU
		{F1EA655A-3C76-41DC-87DC-C2EFDB2B80B8}.Release|Any CPU.Build.0 = Release|Any CPU
		{F95381B3-11A6-4BBD-BC97-D1CE9A4DAEA7}.Debug|Any CPU.ActiveCfg = Debug|Any CPU
		{F95381B3-11A6-4BBD-BC97-D1CE9A4DAEA7}.Debug|Any CPU.Build.0 = Debug|Any CPU
		{F95381B3-11A6-4BBD-BC97-D1CE9A4DAEA7}.Release|Any CPU.ActiveCfg = Release|Any CPU
		{F95381B3-11A6-4BBD-BC97-D1CE9A4DAEA7}.Release|Any CPU.Build.0 = Release|Any CPU
	EndGlobalSection
	GlobalSection(SolutionProperties) = preSolution
		HideSolutionNode = FALSE
	EndGlobalSection
	GlobalSection(ExtensibilityGlobals) = postSolution
		SolutionGuid = {DCB11AFD-2C36-4F29-8E6A-FDCA8BE3D270}
	EndGlobalSection
EndGlobal
